
Microsoft Visual Studio Solution File, Format Version 12.00
# Visual Studio Version 16
VisualStudioVersion = 16.0.29926.136
MinimumVisualStudioVersion = 10.0.40219.1
Project("{FAE04EC0-301F-11D3-BF4B-00C04F79EFBC}") = "ExponentComputation", "ExponentComputation\ExponentComputation.csproj", "{144AEACA-026B-47BA-8D9C-261884774692}"
EndProject
Global
	GlobalSection(SolutionConfigurationPlatforms) = preSolution
		Debug|Any CPU = Debug|Any CPU
		Release|Any CPU = Release|Any CPU
	EndGlobalSection
	GlobalSection(ProjectConfigurationPlatforms) = postSolution
		{144AEACA-026B-47BA-8D9C-261884774692}.Debug|Any CPU.ActiveCfg = Debug|Any CPU
		{144AEACA-026B-47BA-8D9C-261884774692}.Debug|Any CPU.Build.0 = Debug|Any CPU
		{144AEACA-026B-47BA-8D9C-261884774692}.Release|Any CPU.ActiveCfg = Release|Any CPU
		{144AEACA-026B-47BA-8D9C-261884774692}.Release|Any CPU.Build.0 = Release|Any CPU
	EndGlobalSection
	GlobalSection(SolutionProperties) = preSolution
		HideSolutionNode = FALSE
	EndGlobalSection
	GlobalSection(ExtensibilityGlobals) = postSolution
		SolutionGuid = {BBC36504-66AE-4621-B7F8-EDE016E736AA}
	EndGlobalSection
EndGlobal
